{
  "requires": true,
  "lockfileVersion": 1,
  "dependencies": {
    "async": {
      "version": "3.1.0",
      "resolved": "https://registry.npmjs.org/async/-/async-3.1.0.tgz",
      "integrity": "sha512-4vx/aaY6j/j3Lw3fbCHNWP0pPaTCew3F6F3hYyl/tHs/ndmV1q7NW9T5yuJ2XAGwdQrP+6Wu20x06U4APo/iQQ=="
    },
    "ci": {
      "version": "1.0.0",
      "resolved": "https://registry.npmjs.org/ci/-/ci-1.0.0.tgz",
      "integrity": "sha1-S8xb8S2CBgDxKxy7sdjNOz8PaMw=",
      "requires": {
        "events": "*",
        "gitwin": "*",
        "msbuild": "*"
      }
    },
    "colors": {
      "version": "1.4.0",
      "resolved": "https://registry.npmjs.org/colors/-/colors-1.4.0.tgz",
      "integrity": "sha512-a+UqTh4kgZg/SlGvfbzDHpgRu7AAQOmmqRHJnxhRZICKFUT91brVhNNt58CMWU9PsBbv3PDCZUHbVxuDiH2mtA=="
    },
    "events": {
      "version": "3.0.0",
      "resolved": "https://registry.npmjs.org/events/-/events-3.0.0.tgz",
      "integrity": "sha512-Dc381HFWJzEOhQ+d8pkNon++bk9h6cdAoAj4iE6Q4y6xgTzySWXlKn05/TVNpjnfRqi/X0EpJEJohPjNI3zpVA=="
    },
    "gitwin": {
      "version": "0.2.0",
      "resolved": "https://registry.npmjs.org/gitwin/-/gitwin-0.2.0.tgz",
      "integrity": "sha1-i4BgJITNWW9/C5e5h2UdluixxuM=",
      "requires": {
        "colors": "*",
        "events": "*"
      }
    },
    "msbuild": {
      "version": "1.1.2",
      "resolved": "https://registry.npmjs.org/msbuild/-/msbuild-1.1.2.tgz",
      "integrity": "sha512-uokwgHTir5KkZjfNSgJEJu3tBKgqBCCKQVwOzA/7TSSUhzC/p1vvSxwunLY0d0lzo2rb9fuIR0o5wU0IVypBnQ==",
      "requires": {
        "async": "*",
        "colors": "*",
        "events": "*"
      }
    }
  }
}
